// !$*UTF8*$!
{
	archiveVersion = 1;
	classes = {
	};
	objectVersion = 46;
	objects = {

/* Begin PBXBuildFile section */
		2BCB6ACFC4C59058CC5226CE /* libPods-JSNetworkingTests.a in Frameworks */ = {isa = PBXBuildFile; fileRef = 8A225B634C91A87A61D43EA3 /* libPods-JSNetworkingTests.a */; };
		310E72C1986687AE0418FAD2 /* libPods-JSNetworkingUITests.a in Frameworks */ = {isa = PBXBuildFile; fileRef = 2A873F7E88F12DAFEA50CDF4 /* libPods-JSNetworkingUITests.a */; };
		8DD43AB9D351D5C2BB20C7B5 /* libPods-JSNetworking.a in Frameworks */ = {isa = PBXBuildFile; fileRef = 10C26AF32EF50501F8D7AE83 /* libPods-JSNetworking.a */; };
		C56647701E7A7F7300A5566A /* NSArray+JSNetworkingMethods.m in Sources */ = {isa = PBXBuildFile; fileRef = C56647651E7A7F7300A5566A /* NSArray+JSNetworkingMethods.m */; };
		C56647711E7A7F7300A5566A /* NSDictionary+JSNetworkingMethods.m in Sources */ = {isa = PBXBuildFile; fileRef = C56647671E7A7F7300A5566A /* NSDictionary+JSNetworkingMethods.m */; };
		C56647721E7A7F7300A5566A /* NSMutableString+JSNetworkingMethods.m in Sources */ = {isa = PBXBuildFile; fileRef = C56647691E7A7F7300A5566A /* NSMutableString+JSNetworkingMethods.m */; };
		C56647731E7A7F7300A5566A /* NSObject+JSNetworkingMethods.m in Sources */ = {isa = PBXBuildFile; fileRef = C566476B1E7A7F7300A5566A /* NSObject+JSNetworkingMethods.m */; };
		C56647741E7A7F7300A5566A /* NSString+JSNetworkingMethods.m in Sources */ = {isa = PBXBuildFile; fileRef = C566476D1E7A7F7300A5566A /* NSString+JSNetworkingMethods.m */; };
		C56647751E7A7F7300A5566A /* NSURLRequest+JSNetworkingMethods.m in Sources */ = {isa = PBXBuildFile; fileRef = C566476F1E7A7F7300A5566A /* NSURLRequest+JSNetworkingMethods.m */; };
		C56647791E7A833000A5566A /* JSNetworkingConfiguration.plist in Resources */ = {isa = PBXBuildFile; fileRef = C56647781E7A833000A5566A /* JSNetworkingConfiguration.plist */; };
		C566477D1E7A838700A5566A /* JSURLResponse.m in Sources */ = {isa = PBXBuildFile; fileRef = C566477C1E7A838700A5566A /* JSURLResponse.m */; };
		C56647811E7A84DB00A5566A /* JSAPIBaseManager.m in Sources */ = {isa = PBXBuildFile; fileRef = C56647801E7A84DB00A5566A /* JSAPIBaseManager.m */; };
		C56647851E7A8B1200A5566A /* JSApiProxy.m in Sources */ = {isa = PBXBuildFile; fileRef = C56647841E7A8B1200A5566A /* JSApiProxy.m */; };
		C56647891E7A8BF400A5566A /* JSService.m in Sources */ = {isa = PBXBuildFile; fileRef = C56647881E7A8BF400A5566A /* JSService.m */; };
		C566478C1E7A8C8B00A5566A /* JSServiceFactory.m in Sources */ = {isa = PBXBuildFile; fileRef = C566478B1E7A8C8B00A5566A /* JSServiceFactory.m */; };
		C56647911E7A8F6B00A5566A /* JSCommonService.m in Sources */ = {isa = PBXBuildFile; fileRef = C56647901E7A8F6B00A5566A /* JSCommonService.m */; };
		C56647961E7A922A00A5566A /* JSCachedObject.m in Sources */ = {isa = PBXBuildFile; fileRef = C56647951E7A922A00A5566A /* JSCachedObject.m */; };
		C56647991E7A971900A5566A /* JSCache.m in Sources */ = {isa = PBXBuildFile; fileRef = C56647981E7A971900A5566A /* JSCache.m */; };
		C566479E1E7A9AE900A5566A /* JSCommonParamsGenerator.m in Sources */ = {isa = PBXBuildFile; fileRef = C566479D1E7A9AE900A5566A /* JSCommonParamsGenerator.m */; };
		C56647A21E7A9B2F00A5566A /* JSRequestGenerator.m in Sources */ = {isa = PBXBuildFile; fileRef = C56647A11E7A9B2F00A5566A /* JSRequestGenerator.m */; };
		C56647A61E7A9B9300A5566A /* JSSignatureGenerator.m in Sources */ = {isa = PBXBuildFile; fileRef = C56647A51E7A9B9300A5566A /* JSSignatureGenerator.m */; };
		C56647AA1E7A9C7400A5566A /* JSUDIDGenerator.m in Sources */ = {isa = PBXBuildFile; fileRef = C56647A91E7A9C7400A5566A /* JSUDIDGenerator.m */; };
		C584C3241E78031500FD6F4D /* main.m in Sources */ = {isa = PBXBuildFile; fileRef = C584C3231E78031500FD6F4D /* main.m */; };
		C584C3271E78031500FD6F4D /* AppDelegate.m in Sources */ = {isa = PBXBuildFile; fileRef = C584C3261E78031500FD6F4D /* AppDelegate.m */; };
		C584C32A1E78031500FD6F4D /* ViewController.m in Sources */ = {isa = PBXBuildFile; fileRef = C584C3291E78031500FD6F4D /* ViewController.m */; };
		C584C32D1E78031500FD6F4D /* Main.storyboard in Resources */ = {isa = PBXBuildFile; fileRef = C584C32B1E78031500FD6F4D /* Main.storyboard */; };
		C584C32F1E78031500FD6F4D /* Assets.xcassets in Resources */ = {isa = PBXBuildFile; fileRef = C584C32E1E78031500FD6F4D /* Assets.xcassets */; };
		C584C3321E78031500FD6F4D /* LaunchScreen.storyboard in Resources */ = {isa = PBXBuildFile; fileRef = C584C3301E78031500FD6F4D /* LaunchScreen.storyboard */; };
		C584C33D1E78031500FD6F4D /* JSNetworkingTests.m in Sources */ = {isa = PBXBuildFile; fileRef = C584C33C1E78031500FD6F4D /* JSNetworkingTests.m */; };
		C584C3481E78031500FD6F4D /* JSNetworkingUITests.m in Sources */ = {isa = PBXBuildFile; fileRef = C584C3471E78031500FD6F4D /* JSNetworkingUITests.m */; };
/* End PBXBuildFile section */

/* Begin PBXContainerItemProxy section */
		C584C3391E78031500FD6F4D /* PBXContainerItemProxy */ = {
			isa = PBXContainerItemProxy;
			containerPortal = C584C3171E78031500FD6F4D /* Project object */;
			proxyType = 1;
			remoteGlobalIDString = C584C31E1E78031500FD6F4D;
			remoteInfo = JSNetworking;
		};
		C584C3441E78031500FD6F4D /* PBXContainerItemProxy */ = {
			isa = PBXContainerItemProxy;
			containerPortal = C584C3171E78031500FD6F4D /* Project object */;
			proxyType = 1;
			remoteGlobalIDString = C584C31E1E78031500FD6F4D;
			remoteInfo = JSNetworking;
		};
/* End PBXContainerItemProxy section */

/* Begin PBXFileReference section */
		10C26AF32EF50501F8D7AE83 /* libPods-JSNetworking.a */ = {isa = PBXFileReference; explicitFileType = archive.ar; includeInIndex = 0; path = "libPods-JSNetworking.a"; sourceTree = BUILT_PRODUCTS_DIR; };
		1C66E5F669AFAC4C6EE3DA34 /* Pods-JSNetworking.release.xcconfig */ = {isa = PBXFileReference; includeInIndex = 1; lastKnownFileType = text.xcconfig; name = "Pods-JSNetworking.release.xcconfig"; path = "Pods/Target Support Files/Pods-JSNetworking/Pods-JSNetworking.release.xcconfig"; sourceTree = "<group>"; };
		2A873F7E88F12DAFEA50CDF4 /* libPods-JSNetworkingUITests.a */ = {isa = PBXFileReference; explicitFileType = archive.ar; includeInIndex = 0; path = "libPods-JSNetworkingUITests.a"; sourceTree = BUILT_PRODUCTS_DIR; };
		4F24CE2B75830A51DD97A6C2 /* Pods-JSNetworking.debug.xcconfig */ = {isa = PBXFileReference; includeInIndex = 1; lastKnownFileType = text.xcconfig; name = "Pods-JSNetworking.debug.xcconfig"; path = "Pods/Target Support Files/Pods-JSNetworking/Pods-JSNetworking.debug.xcconfig"; sourceTree = "<group>"; };
		8A225B634C91A87A61D43EA3 /* libPods-JSNetworkingTests.a */ = {isa = PBXFileReference; explicitFileType = archive.ar; includeInIndex = 0; path = "libPods-JSNetworkingTests.a"; sourceTree = BUILT_PRODUCTS_DIR; };
		AD403AD966F70A4C6A92A5F9 /* Pods-JSNetworkingUITests.release.xcconfig */ = {isa = PBXFileReference; includeInIndex = 1; lastKnownFileType = text.xcconfig; name = "Pods-JSNetworkingUITests.release.xcconfig"; path = "Pods/Target Support Files/Pods-JSNetworkingUITests/Pods-JSNetworkingUITests.release.xcconfig"; sourceTree = "<group>"; };
		C56647641E7A7F7300A5566A /* NSArray+JSNetworkingMethods.h */ = {isa = PBXFileReference; fileEncoding = 4; lastKnownFileType = sourcecode.c.h; path = "NSArray+JSNetworkingMethods.h"; sourceTree = "<group>"; };
		C56647651E7A7F7300A5566A /* NSArray+JSNetworkingMethods.m */ = {isa = PBXFileReference; fileEncoding = 4; lastKnownFileType = sourcecode.c.objc; path = "NSArray+JSNetworkingMethods.m"; sourceTree = "<group>"; };
		C56647661E7A7F7300A5566A /* NSDictionary+JSNetworkingMethods.h */ = {isa = PBXFileReference; fileEncoding = 4; lastKnownFileType = sourcecode.c.h; path = "NSDictionary+JSNetworkingMethods.h"; sourceTree = "<group>"; };
		C56647671E7A7F7300A5566A /* NSDictionary+JSNetworkingMethods.m */ = {isa = PBXFileReference; fileEncoding = 4; lastKnownFileType = sourcecode.c.objc; path = "NSDictionary+JSNetworkingMethods.m"; sourceTree = "<group>"; };
		C56647681E7A7F7300A5566A /* NSMutableString+JSNetworkingMethods.h */ = {isa = PBXFileReference; fileEncoding = 4; lastKnownFileType = sourcecode.c.h; path = "NSMutableString+JSNetworkingMethods.h"; sourceTree = "<group>"; };
		C56647691E7A7F7300A5566A /* NSMutableString+JSNetworkingMethods.m */ = {isa = PBXFileReference; fileEncoding = 4; lastKnownFileType = sourcecode.c.objc; path = "NSMutableString+JSNetworkingMethods.m"; sourceTree = "<group>"; };
		C566476A1E7A7F7300A5566A /* NSObject+JSNetworkingMethods.h */ = {isa = PBXFileReference; fileEncoding = 4; lastKnownFileType = sourcecode.c.h; path = "NSObject+JSNetworkingMethods.h"; sourceTree = "<group>"; };
		C566476B1E7A7F7300A5566A /* NSObject+JSNetworkingMethods.m */ = {isa = PBXFileReference; fileEncoding = 4; lastKnownFileType = sourcecode.c.objc; path = "NSObject+JSNetworkingMethods.m"; sourceTree = "<group>"; };
		C566476C1E7A7F7300A5566A /* NSString+JSNetworkingMethods.h */ = {isa = PBXFileReference; fileEncoding = 4; lastKnownFileType = sourcecode.c.h; path = "NSString+JSNetworkingMethods.h"; sourceTree = "<group>"; };
		C566476D1E7A7F7300A5566A /* NSString+JSNetworkingMethods.m */ = {isa = PBXFileReference; fileEncoding = 4; lastKnownFileType = sourcecode.c.objc; path = "NSString+JSNetworkingMethods.m"; sourceTree = "<group>"; };
		C566476E1E7A7F7300A5566A /* NSURLRequest+JSNetworkingMethods.h */ = {isa = PBXFileReference; fileEncoding = 4; lastKnownFileType = sourcecode.c.h; path = "NSURLRequest+JSNetworkingMethods.h"; sourceTree = "<group>"; };
		C566476F1E7A7F7300A5566A /* NSURLRequest+JSNetworkingMethods.m */ = {isa = PBXFileReference; fileEncoding = 4; lastKnownFileType = sourcecode.c.objc; path = "NSURLRequest+JSNetworkingMethods.m"; sourceTree = "<group>"; };
		C56647771E7A7FE000A5566A /* JSNetworkingConfiguration.h */ = {isa = PBXFileReference; lastKnownFileType = sourcecode.c.h; name = JSNetworkingConfiguration.h; path = JSNetworking/JSNetworking/Categories/JSNetworkingConfiguration.h; sourceTree = SOURCE_ROOT; };
		C56647781E7A833000A5566A /* JSNetworkingConfiguration.plist */ = {isa = PBXFileReference; fileEncoding = 4; lastKnownFileType = text.plist.xml; path = JSNetworkingConfiguration.plist; sourceTree = "<group>"; };
		C566477B1E7A838700A5566A /* JSURLResponse.h */ = {isa = PBXFileReference; fileEncoding = 4; lastKnownFileType = sourcecode.c.h; path = JSURLResponse.h; sourceTree = "<group>"; };
		C566477C1E7A838700A5566A /* JSURLResponse.m */ = {isa = PBXFileReference; fileEncoding = 4; lastKnownFileType = sourcecode.c.objc; path = JSURLResponse.m; sourceTree = "<group>"; };
		C566477F1E7A84DB00A5566A /* JSAPIBaseManager.h */ = {isa = PBXFileReference; fileEncoding = 4; lastKnownFileType = sourcecode.c.h; path = JSAPIBaseManager.h; sourceTree = "<group>"; };
		C56647801E7A84DB00A5566A /* JSAPIBaseManager.m */ = {isa = PBXFileReference; fileEncoding = 4; lastKnownFileType = sourcecode.c.objc; path = JSAPIBaseManager.m; sourceTree = "<group>"; };
		C56647831E7A8B1200A5566A /* JSApiProxy.h */ = {isa = PBXFileReference; fileEncoding = 4; lastKnownFileType = sourcecode.c.h; path = JSApiProxy.h; sourceTree = "<group>"; };
		C56647841E7A8B1200A5566A /* JSApiProxy.m */ = {isa = PBXFileReference; fileEncoding = 4; lastKnownFileType = sourcecode.c.objc; path = JSApiProxy.m; sourceTree = "<group>"; };
		C56647871E7A8BF400A5566A /* JSService.h */ = {isa = PBXFileReference; fileEncoding = 4; lastKnownFileType = sourcecode.c.h; path = JSService.h; sourceTree = "<group>"; };
		C56647881E7A8BF400A5566A /* JSService.m */ = {isa = PBXFileReference; fileEncoding = 4; lastKnownFileType = sourcecode.c.objc; path = JSService.m; sourceTree = "<group>"; };
		C566478A1E7A8C8B00A5566A /* JSServiceFactory.h */ = {isa = PBXFileReference; fileEncoding = 4; lastKnownFileType = sourcecode.c.h; path = JSServiceFactory.h; sourceTree = "<group>"; };
		C566478B1E7A8C8B00A5566A /* JSServiceFactory.m */ = {isa = PBXFileReference; fileEncoding = 4; lastKnownFileType = sourcecode.c.objc; path = JSServiceFactory.m; sourceTree = "<group>"; };
		C566478F1E7A8F6B00A5566A /* JSCommonService.h */ = {isa = PBXFileReference; fileEncoding = 4; lastKnownFileType = sourcecode.c.h; path = JSCommonService.h; sourceTree = "<group>"; };
		C56647901E7A8F6B00A5566A /* JSCommonService.m */ = {isa = PBXFileReference; fileEncoding = 4; lastKnownFileType = sourcecode.c.objc; path = JSCommonService.m; sourceTree = "<group>"; };
		C56647921E7A915A00A5566A /* JSNetworking.h */ = {isa = PBXFileReference; lastKnownFileType = sourcecode.c.h; path = JSNetworking.h; sourceTree = "<group>"; };
		C56647941E7A922A00A5566A /* JSCachedObject.h */ = {isa = PBXFileReference; fileEncoding = 4; lastKnownFileType = sourcecode.c.h; path = JSCachedObject.h; sourceTree = "<group>"; };
		C56647951E7A922A00A5566A /* JSCachedObject.m */ = {isa = PBXFileReference; fileEncoding = 4; lastKnownFileType = sourcecode.c.objc; path = JSCachedObject.m; sourceTree = "<group>"; };
		C56647971E7A971900A5566A /* JSCache.h */ = {isa = PBXFileReference; fileEncoding = 4; lastKnownFileType = sourcecode.c.h; path = JSCache.h; sourceTree = "<group>"; };
		C56647981E7A971900A5566A /* JSCache.m */ = {isa = PBXFileReference; fileEncoding = 4; lastKnownFileType = sourcecode.c.objc; path = JSCache.m; sourceTree = "<group>"; };
		C566479C1E7A9AE900A5566A /* JSCommonParamsGenerator.h */ = {isa = PBXFileReference; fileEncoding = 4; lastKnownFileType = sourcecode.c.h; path = JSCommonParamsGenerator.h; sourceTree = "<group>"; };
		C566479D1E7A9AE900A5566A /* JSCommonParamsGenerator.m */ = {isa = PBXFileReference; fileEncoding = 4; lastKnownFileType = sourcecode.c.objc; path = JSCommonParamsGenerator.m; sourceTree = "<group>"; };
		C56647A01E7A9B2F00A5566A /* JSRequestGenerator.h */ = {isa = PBXFileReference; fileEncoding = 4; lastKnownFileType = sourcecode.c.h; path = JSRequestGenerator.h; sourceTree = "<group>"; };
		C56647A11E7A9B2F00A5566A /* JSRequestGenerator.m */ = {isa = PBXFileReference; fileEncoding = 4; lastKnownFileType = sourcecode.c.objc; path = JSRequestGenerator.m; sourceTree = "<group>"; };
		C56647A41E7A9B9300A5566A /* JSSignatureGenerator.h */ = {isa = PBXFileReference; fileEncoding = 4; lastKnownFileType = sourcecode.c.h; path = JSSignatureGenerator.h; sourceTree = "<group>"; };
		C56647A51E7A9B9300A5566A /* JSSignatureGenerator.m */ = {isa = PBXFileReference; fileEncoding = 4; lastKnownFileType = sourcecode.c.objc; path = JSSignatureGenerator.m; sourceTree = "<group>"; };
		C56647A81E7A9C7400A5566A /* JSUDIDGenerator.h */ = {isa = PBXFileReference; fileEncoding = 4; lastKnownFileType = sourcecode.c.h; path = JSUDIDGenerator.h; sourceTree = "<group>"; };
		C56647A91E7A9C7400A5566A /* JSUDIDGenerator.m */ = {isa = PBXFileReference; fileEncoding = 4; lastKnownFileType = sourcecode.c.objc; path = JSUDIDGenerator.m; sourceTree = "<group>"; };
		C584C31F1E78031500FD6F4D /* JSNetworking.app */ = {isa = PBXFileReference; explicitFileType = wrapper.application; includeInIndex = 0; path = JSNetworking.app; sourceTree = BUILT_PRODUCTS_DIR; };
		C584C3231E78031500FD6F4D /* main.m */ = {isa = PBXFileReference; lastKnownFileType = sourcecode.c.objc; path = main.m; sourceTree = "<group>"; };
		C584C3251E78031500FD6F4D /* AppDelegate.h */ = {isa = PBXFileReference; lastKnownFileType = sourcecode.c.h; path = AppDelegate.h; sourceTree = "<group>"; };
		C584C3261E78031500FD6F4D /* AppDelegate.m */ = {isa = PBXFileReference; lastKnownFileType = sourcecode.c.objc; path = AppDelegate.m; sourceTree = "<group>"; };
		C584C3281E78031500FD6F4D /* ViewController.h */ = {isa = PBXFileReference; lastKnownFileType = sourcecode.c.h; path = ViewController.h; sourceTree = "<group>"; };
		C584C3291E78031500FD6F4D /* ViewController.m */ = {isa = PBXFileReference; lastKnownFileType = sourcecode.c.objc; path = ViewController.m; sourceTree = "<group>"; };
		C584C32C1E78031500FD6F4D /* Base */ = {isa = PBXFileReference; lastKnownFileType = file.storyboard; name = Base; path = Base.lproj/Main.storyboard; sourceTree = "<group>"; };
		C584C32E1E78031500FD6F4D /* Assets.xcassets */ = {isa = PBXFileReference; lastKnownFileType = folder.assetcatalog; path = Assets.xcassets; sourceTree = "<group>"; };
		C584C3311E78031500FD6F4D /* Base */ = {isa = PBXFileReference; lastKnownFileType = file.storyboard; name = Base; path = Base.lproj/LaunchScreen.storyboard; sourceTree = "<group>"; };
		C584C3331E78031500FD6F4D /* Info.plist */ = {isa = PBXFileReference; lastKnownFileType = text.plist.xml; path = Info.plist; sourceTree = "<group>"; };
		C584C3381E78031500FD6F4D /* JSNetworkingTests.xctest */ = {isa = PBXFileReference; explicitFileType = wrapper.cfbundle; includeInIndex = 0; path = JSNetworkingTests.xctest; sourceTree = BUILT_PRODUCTS_DIR; };
		C584C33C1E78031500FD6F4D /* JSNetworkingTests.m */ = {isa = PBXFileReference; lastKnownFileType = sourcecode.c.objc; path = JSNetworkingTests.m; sourceTree = "<group>"; };
		C584C33E1E78031500FD6F4D /* Info.plist */ = {isa = PBXFileReference; lastKnownFileType = text.plist.xml; path = Info.plist; sourceTree = "<group>"; };
		C584C3431E78031500FD6F4D /* JSNetworkingUITests.xctest */ = {isa = PBXFileReference; explicitFileType = wrapper.cfbundle; includeInIndex = 0; path = JSNetworkingUITests.xctest; sourceTree = BUILT_PRODUCTS_DIR; };
		C584C3471E78031500FD6F4D /* JSNetworkingUITests.m */ = {isa = PBXFileReference; lastKnownFileType = sourcecode.c.objc; path = JSNetworkingUITests.m; sourceTree = "<group>"; };
		C584C3491E78031500FD6F4D /* Info.plist */ = {isa = PBXFileReference; lastKnownFileType = text.plist.xml; path = Info.plist; sourceTree = "<group>"; };
		E9A9F19F1116081A29F6D221 /* Pods-JSNetworkingTests.debug.xcconfig */ = {isa = PBXFileReference; includeInIndex = 1; lastKnownFileType = text.xcconfig; name = "Pods-JSNetworkingTests.debug.xcconfig"; path = "Pods/Target Support Files/Pods-JSNetworkingTests/Pods-JSNetworkingTests.debug.xcconfig"; sourceTree = "<group>"; };
		F0F51928ABB79DBE5A643FE9 /* Pods-JSNetworkingTests.release.xcconfig */ = {isa = PBXFileReference; includeInIndex = 1; lastKnownFileType = text.xcconfig; name = "Pods-JSNetworkingTests.release.xcconfig"; path = "Pods/Target Support Files/Pods-JSNetworkingTests/Pods-JSNetworkingTests.release.xcconfig"; sourceTree = "<group>"; };
		F303DC6B803ADC76F790073E /* Pods-JSNetworkingUITests.debug.xcconfig */ = {isa = PBXFileReference; includeInIndex = 1; lastKnownFileType = text.xcconfig; name = "Pods-JSNetworkingUITests.debug.xcconfig"; path = "Pods/Target Support Files/Pods-JSNetworkingUITests/Pods-JSNetworkingUITests.debug.xcconfig"; sourceTree = "<group>"; };
/* End PBXFileReference section */

/* Begin PBXFrameworksBuildPhase section */
		C584C31C1E78031500FD6F4D /* Frameworks */ = {
			isa = PBXFrameworksBuildPhase;
			buildActionMask = 2147483647;
			files = (
				8DD43AB9D351D5C2BB20C7B5 /* libPods-JSNetworking.a in Frameworks */,
			);
			runOnlyForDeploymentPostprocessing = 0;
		};
		C584C3351E78031500FD6F4D /* Frameworks */ = {
			isa = PBXFrameworksBuildPhase;
			buildActionMask = 2147483647;
			files = (
				2BCB6ACFC4C59058CC5226CE /* libPods-JSNetworkingTests.a in Frameworks */,
			);
			runOnlyForDeploymentPostprocessing = 0;
		};
		C584C3401E78031500FD6F4D /* Frameworks */ = {
			isa = PBXFrameworksBuildPhase;
			buildActionMask = 2147483647;
			files = (
				310E72C1986687AE0418FAD2 /* libPods-JSNetworkingUITests.a in Frameworks */,
			);
			runOnlyForDeploymentPostprocessing = 0;
		};
/* End PBXFrameworksBuildPhase section */

/* Begin PBXGroup section */
		486206225AA0CA4A539471FE /* Pods */ = {
			isa = PBXGroup;
			children = (
				4F24CE2B75830A51DD97A6C2 /* Pods-JSNetworking.debug.xcconfig */,
				1C66E5F669AFAC4C6EE3DA34 /* Pods-JSNetworking.release.xcconfig */,
				E9A9F19F1116081A29F6D221 /* Pods-JSNetworkingTests.debug.xcconfig */,
				F0F51928ABB79DBE5A643FE9 /* Pods-JSNetworkingTests.release.xcconfig */,
				F303DC6B803ADC76F790073E /* Pods-JSNetworkingUITests.debug.xcconfig */,
				AD403AD966F70A4C6A92A5F9 /* Pods-JSNetworkingUITests.release.xcconfig */,
			);
			name = Pods;
			sourceTree = "<group>";
		};
		812B6A2EBE23D246990838C2 /* Frameworks */ = {
			isa = PBXGroup;
			children = (
				10C26AF32EF50501F8D7AE83 /* libPods-JSNetworking.a */,
				8A225B634C91A87A61D43EA3 /* libPods-JSNetworkingTests.a */,
				2A873F7E88F12DAFEA50CDF4 /* libPods-JSNetworkingUITests.a */,
			);
			name = Frameworks;
			sourceTree = "<group>";
		};
		C56647501E7A411000A5566A /* JSNetworking */ = {
			isa = PBXGroup;
			children = (
				C566479A1E7A9AA800A5566A /* Generators */,
				C56647931E7A91A800A5566A /* CacheComponents */,
				C566478D1E7A8CEE00A5566A /* CustomServices */,
				C56647861E7A8BC100A5566A /* Services */,
				C56647821E7A8B0200A5566A /* APIProxy */,
				C566477E1E7A84AE00A5566A /* BaseAPIManager */,
				C566477A1E7A836500A5566A /* URLResponse */,
				C56647761E7A7F9300A5566A /* Configurations */,
				C56647631E7A7F7300A5566A /* Categories */,
				C56647921E7A915A00A5566A /* JSNetworking.h */,
			);
			path = JSNetworking;
			sourceTree = "<group>";
		};
		C56647631E7A7F7300A5566A /* Categories */ = {
			isa = PBXGroup;
			children = (
				C56647641E7A7F7300A5566A /* NSArray+JSNetworkingMethods.h */,
				C56647651E7A7F7300A5566A /* NSArray+JSNetworkingMethods.m */,
				C56647661E7A7F7300A5566A /* NSDictionary+JSNetworkingMethods.h */,
				C56647671E7A7F7300A5566A /* NSDictionary+JSNetworkingMethods.m */,
				C56647681E7A7F7300A5566A /* NSMutableString+JSNetworkingMethods.h */,
				C56647691E7A7F7300A5566A /* NSMutableString+JSNetworkingMethods.m */,
				C566476A1E7A7F7300A5566A /* NSObject+JSNetworkingMethods.h */,
				C566476B1E7A7F7300A5566A /* NSObject+JSNetworkingMethods.m */,
				C566476C1E7A7F7300A5566A /* NSString+JSNetworkingMethods.h */,
				C566476D1E7A7F7300A5566A /* NSString+JSNetworkingMethods.m */,
				C566476E1E7A7F7300A5566A /* NSURLRequest+JSNetworkingMethods.h */,
				C566476F1E7A7F7300A5566A /* NSURLRequest+JSNetworkingMethods.m */,
			);
			name = Categories;
			path = categories;
			sourceTree = "<group>";
		};
		C56647761E7A7F9300A5566A /* Configurations */ = {
			isa = PBXGroup;
			children = (
				C56647771E7A7FE000A5566A /* JSNetworkingConfiguration.h */,
				C56647781E7A833000A5566A /* JSNetworkingConfiguration.plist */,
			);
			name = Configurations;
			sourceTree = "<group>";
		};
		C566477A1E7A836500A5566A /* URLResponse */ = {
			isa = PBXGroup;
			children = (
				C566477B1E7A838700A5566A /* JSURLResponse.h */,
				C566477C1E7A838700A5566A /* JSURLResponse.m */,
			);
			name = URLResponse;
			sourceTree = "<group>";
		};
		C566477E1E7A84AE00A5566A /* BaseAPIManager */ = {
			isa = PBXGroup;
			children = (
				C566477F1E7A84DB00A5566A /* JSAPIBaseManager.h */,
				C56647801E7A84DB00A5566A /* JSAPIBaseManager.m */,
			);
			name = BaseAPIManager;
			sourceTree = "<group>";
		};
		C56647821E7A8B0200A5566A /* APIProxy */ = {
			isa = PBXGroup;
			children = (
				C56647831E7A8B1200A5566A /* JSApiProxy.h */,
				C56647841E7A8B1200A5566A /* JSApiProxy.m */,
			);
			name = APIProxy;
			sourceTree = "<group>";
		};
		C56647861E7A8BC100A5566A /* Services */ = {
			isa = PBXGroup;
			children = (
				C56647871E7A8BF400A5566A /* JSService.h */,
				C56647881E7A8BF400A5566A /* JSService.m */,
				C566478A1E7A8C8B00A5566A /* JSServiceFactory.h */,
				C566478B1E7A8C8B00A5566A /* JSServiceFactory.m */,
			);
			name = Services;
			sourceTree = "<group>";
		};
		C566478D1E7A8CEE00A5566A /* CustomServices */ = {
			isa = PBXGroup;
			children = (
				C566478E1E7A8D0A00A5566A /* commonService */,
			);
			name = CustomServices;
			sourceTree = "<group>";
		};
		C566478E1E7A8D0A00A5566A /* commonService */ = {
			isa = PBXGroup;
			children = (
				C566478F1E7A8F6B00A5566A /* JSCommonService.h */,
				C56647901E7A8F6B00A5566A /* JSCommonService.m */,
			);
			name = commonService;
			sourceTree = "<group>";
		};
		C56647931E7A91A800A5566A /* CacheComponents */ = {
			isa = PBXGroup;
			children = (
				C56647941E7A922A00A5566A /* JSCachedObject.h */,
				C56647951E7A922A00A5566A /* JSCachedObject.m */,
				C56647971E7A971900A5566A /* JSCache.h */,
				C56647981E7A971900A5566A /* JSCache.m */,
			);
			name = CacheComponents;
			sourceTree = "<group>";
		};
		C566479A1E7A9AA800A5566A /* Generators */ = {
			isa = PBXGroup;
			children = (
				C56647A71E7A9C6600A5566A /* UDIDGenerator */,
				C56647A31E7A9B6D00A5566A /* SignatureGenerator */,
				C566479F1E7A9B1E00A5566A /* RequestGenerator */,
				C566479B1E7A9AD100A5566A /* CommonPrarmsGenerator */,
			);
			name = Generators;
			sourceTree = "<group>";
		};
		C566479B1E7A9AD100A5566A /* CommonPrarmsGenerator */ = {
			isa = PBXGroup;
			children = (
				C566479C1E7A9AE900A5566A /* JSCommonParamsGenerator.h */,
				C566479D1E7A9AE900A5566A /* JSCommonParamsGenerator.m */,
			);
			name = CommonPrarmsGenerator;
			sourceTree = "<group>";
		};
		C566479F1E7A9B1E00A5566A /* RequestGenerator */ = {
			isa = PBXGroup;
			children = (
				C56647A01E7A9B2F00A5566A /* JSRequestGenerator.h */,
				C56647A11E7A9B2F00A5566A /* JSRequestGenerator.m */,
			);
			name = RequestGenerator;
			sourceTree = "<group>";
		};
		C56647A31E7A9B6D00A5566A /* SignatureGenerator */ = {
			isa = PBXGroup;
			children = (
				C56647A41E7A9B9300A5566A /* JSSignatureGenerator.h */,
				C56647A51E7A9B9300A5566A /* JSSignatureGenerator.m */,
			);
			name = SignatureGenerator;
			sourceTree = "<group>";
		};
		C56647A71E7A9C6600A5566A /* UDIDGenerator */ = {
			isa = PBXGroup;
			children = (
				C56647A81E7A9C7400A5566A /* JSUDIDGenerator.h */,
				C56647A91E7A9C7400A5566A /* JSUDIDGenerator.m */,
			);
			name = UDIDGenerator;
			sourceTree = "<group>";
		};
		C584C3161E78031500FD6F4D = {
			isa = PBXGroup;
			children = (
				C584C3211E78031500FD6F4D /* JSNetworking */,
				C584C33B1E78031500FD6F4D /* JSNetworkingTests */,
				C584C3461E78031500FD6F4D /* JSNetworkingUITests */,
				C584C3201E78031500FD6F4D /* Products */,
				486206225AA0CA4A539471FE /* Pods */,
				812B6A2EBE23D246990838C2 /* Frameworks */,
			);
			sourceTree = "<group>";
		};
		C584C3201E78031500FD6F4D /* Products */ = {
			isa = PBXGroup;
			children = (
				C584C31F1E78031500FD6F4D /* JSNetworking.app */,
				C584C3381E78031500FD6F4D /* JSNetworkingTests.xctest */,
				C584C3431E78031500FD6F4D /* JSNetworkingUITests.xctest */,
			);
			name = Products;
			sourceTree = "<group>";
		};
		C584C3211E78031500FD6F4D /* JSNetworking */ = {
			isa = PBXGroup;
			children = (
				C56647501E7A411000A5566A /* JSNetworking */,
				C584C3251E78031500FD6F4D /* AppDelegate.h */,
				C584C3261E78031500FD6F4D /* AppDelegate.m */,
				C584C3281E78031500FD6F4D /* ViewController.h */,
				C584C3291E78031500FD6F4D /* ViewController.m */,
				C584C32B1E78031500FD6F4D /* Main.storyboard */,
				C584C32E1E78031500FD6F4D /* Assets.xcassets */,
				C584C3301E78031500FD6F4D /* LaunchScreen.storyboard */,
				C584C3331E78031500FD6F4D /* Info.plist */,
				C584C3221E78031500FD6F4D /* Supporting Files */,
			);
			path = JSNetworking;
			sourceTree = "<group>";
		};
		C584C3221E78031500FD6F4D /* Supporting Files */ = {
			isa = PBXGroup;
			children = (
				C584C3231E78031500FD6F4D /* main.m */,
			);
			name = "Supporting Files";
			sourceTree = "<group>";
		};
		C584C33B1E78031500FD6F4D /* JSNetworkingTests */ = {
			isa = PBXGroup;
			children = (
				C584C33C1E78031500FD6F4D /* JSNetworkingTests.m */,
				C584C33E1E78031500FD6F4D /* Info.plist */,
			);
			path = JSNetworkingTests;
			sourceTree = "<group>";
		};
		C584C3461E78031500FD6F4D /* JSNetworkingUITests */ = {
			isa = PBXGroup;
			children = (
				C584C3471E78031500FD6F4D /* JSNetworkingUITests.m */,
				C584C3491E78031500FD6F4D /* Info.plist */,
			);
			path = JSNetworkingUITests;
			sourceTree = "<group>";
		};
/* End PBXGroup section */

/* Begin PBXNativeTarget section */
		C584C31E1E78031500FD6F4D /* JSNetworking */ = {
			isa = PBXNativeTarget;
			buildConfigurationList = C584C34C1E78031500FD6F4D /* Build configuration list for PBXNativeTarget "JSNetworking" */;
			buildPhases = (
				D47C7D6D74FE266445F001CA /* [CP] Check Pods Manifest.lock */,
				C584C31B1E78031500FD6F4D /* Sources */,
				C584C31C1E78031500FD6F4D /* Frameworks */,
				C584C31D1E78031500FD6F4D /* Resources */,
				675C1B618DBE80B6B4656DF0 /* [CP] Embed Pods Frameworks */,
				AC201A3BA3B65D56E18B3457 /* [CP] Copy Pods Resources */,
			);
			buildRules = (
			);
			dependencies = (
			);
			name = JSNetworking;
			productName = JSNetworking;
			productReference = C584C31F1E78031500FD6F4D /* JSNetworking.app */;
			productType = "com.apple.product-type.application";
		};
		C584C3371E78031500FD6F4D /* JSNetworkingTests */ = {
			isa = PBXNativeTarget;
			buildConfigurationList = C584C34F1E78031500FD6F4D /* Build configuration list for PBXNativeTarget "JSNetworkingTests" */;
			buildPhases = (
				539B5F96CD314C418C705499 /* [CP] Check Pods Manifest.lock */,
				C584C3341E78031500FD6F4D /* Sources */,
				C584C3351E78031500FD6F4D /* Frameworks */,
				C584C3361E78031500FD6F4D /* Resources */,
				09F4A40C58974DBEAACC0310 /* [CP] Embed Pods Frameworks */,
				30E4B0F3BDB82783FBFC2D2E /* [CP] Copy Pods Resources */,
			);
			buildRules = (
			);
			dependencies = (
				C584C33A1E78031500FD6F4D /* PBXTargetDependency */,
			);
			name = JSNetworkingTests;
			productName = JSNetworkingTests;
			productReference = C584C3381E78031500FD6F4D /* JSNetworkingTests.xctest */;
			productType = "com.apple.product-type.bundle.unit-test";
		};
		C584C3421E78031500FD6F4D /* JSNetworkingUITests */ = {
			isa = PBXNativeTarget;
			buildConfigurationList = C584C3521E78031500FD6F4D /* Build configuration list for PBXNativeTarget "JSNetworkingUITests" */;
			buildPhases = (
				557109B9ACE57E1DC81D75FF /* [CP] Check Pods Manifest.lock */,
				C584C33F1E78031500FD6F4D /* Sources */,
				C584C3401E78031500FD6F4D /* Frameworks */,
				C584C3411E78031500FD6F4D /* Resources */,
				F29EF7A918F91F948A22387D /* [CP] Embed Pods Frameworks */,
				CF48C86A70ED5ACBA6FB8C10 /* [CP] Copy Pods Resources */,
			);
			buildRules = (
			);
			dependencies = (
				C584C3451E78031500FD6F4D /* PBXTargetDependency */,
			);
			name = JSNetworkingUITests;
			productName = JSNetworkingUITests;
			productReference = C584C3431E78031500FD6F4D /* JSNetworkingUITests.xctest */;
			productType = "com.apple.product-type.bundle.ui-testing";
		};
/* End PBXNativeTarget section */

/* Begin PBXProject section */
		C584C3171E78031500FD6F4D /* Project object */ = {
			isa = PBXProject;
			attributes = {
				LastUpgradeCheck = 0820;
				ORGANIZATIONNAME = Nick;
				TargetAttributes = {
					C584C31E1E78031500FD6F4D = {
						CreatedOnToolsVersion = 8.2.1;
						ProvisioningStyle = Automatic;
					};
					C584C3371E78031500FD6F4D = {
						CreatedOnToolsVersion = 8.2.1;
						ProvisioningStyle = Automatic;
						TestTargetID = C584C31E1E78031500FD6F4D;
					};
					C584C3421E78031500FD6F4D = {
						CreatedOnToolsVersion = 8.2.1;
						ProvisioningStyle = Automatic;
						TestTargetID = C584C31E1E78031500FD6F4D;
					};
				};
			};
			buildConfigurationList = C584C31A1E78031500FD6F4D /* Build configuration list for PBXProject "JSNetworking" */;
			compatibilityVersion = "Xcode 3.2";
			developmentRegion = English;
			hasScannedForEncodings = 0;
			knownRegions = (
				en,
				Base,
			);
			mainGroup = C584C3161E78031500FD6F4D;
			productRefGroup = C584C3201E78031500FD6F4D /* Products */;
			projectDirPath = "";
			projectRoot = "";
			targets = (
				C584C31E1E78031500FD6F4D /* JSNetworking */,
				C584C3371E78031500FD6F4D /* JSNetworkingTests */,
				C584C3421E78031500FD6F4D /* JSNetworkingUITests */,
			);
		};
/* End PBXProject section */

/* Begin PBXResourcesBuildPhase section */
		C584C31D1E78031500FD6F4D /* Resources */ = {
			isa = PBXResourcesBuildPhase;
			buildActionMask = 2147483647;
			files = (
				C584C3321E78031500FD6F4D /* LaunchScreen.storyboard in Resources */,
				C584C32F1E78031500FD6F4D /* Assets.xcassets in Resources */,
				C56647791E7A833000A5566A /* JSNetworkingConfiguration.plist in Resources */,
				C584C32D1E78031500FD6F4D /* Main.storyboard in Resources */,
			);
			runOnlyForDeploymentPostprocessing = 0;
		};
		C584C3361E78031500FD6F4D /* Resources */ = {
			isa = PBXResourcesBuildPhase;
			buildActionMask = 2147483647;
			files = (
			);
			runOnlyForDeploymentPostprocessing = 0;
		};
		C584C3411E78031500FD6F4D /* Resources */ = {
			isa = PBXResourcesBuildPhase;
			buildActionMask = 2147483647;
			files = (
			);
			runOnlyForDeploymentPostprocessing = 0;
		};
/* End PBXResourcesBuildPhase section */

/* Begin PBXShellScriptBuildPhase section */
		09F4A40C58974DBEAACC0310 /* [CP] Embed Pods Frameworks */ = {
			isa = PBXShellScriptBuildPhase;
			buildActionMask = 2147483647;
			files = (
			);
			inputPaths = (
			);
			name = "[CP] Embed Pods Frameworks";
			outputPaths = (
			);
			runOnlyForDeploymentPostprocessing = 0;
			shellPath = /bin/sh;
			shellScript = "\"${SRCROOT}/Pods/Target Support Files/Pods-JSNetworkingTests/Pods-JSNetworkingTests-frameworks.sh\"\n";
			showEnvVarsInLog = 0;
		};
		30E4B0F3BDB82783FBFC2D2E /* [CP] Copy Pods Resources */ = {
			isa = PBXShellScriptBuildPhase;
			buildActionMask = 2147483647;
			files = (
			);
			inputPaths = (
			);
			name = "[CP] Copy Pods Resources";
			outputPaths = (
			);
			runOnlyForDeploymentPostprocessing = 0;
			shellPath = /bin/sh;
			shellScript = "\"${SRCROOT}/Pods/Target Support Files/Pods-JSNetworkingTests/Pods-JSNetworkingTests-resources.sh\"\n";
			showEnvVarsInLog = 0;
		};
		539B5F96CD314C418C705499 /* [CP] Check Pods Manifest.lock */ = {
			isa = PBXShellScriptBuildPhase;
			buildActionMask = 2147483647;
			files = (
			);
			inputPaths = (
			);
			name = "[CP] Check Pods Manifest.lock";
			outputPaths = (
			);
			runOnlyForDeploymentPostprocessing = 0;
			shellPath = /bin/sh;
			shellScript = "diff \"${PODS_ROOT}/../Podfile.lock\" \"${PODS_ROOT}/Manifest.lock\" > /dev/null\nif [ $? != 0 ] ; then\n    # print error to STDERR\n    echo \"error: The sandbox is not in sync with the Podfile.lock. Run 'pod install' or update your CocoaPods installation.\" >&2\n    exit 1\nfi\n";
			showEnvVarsInLog = 0;
		};
		557109B9ACE57E1DC81D75FF /* [CP] Check Pods Manifest.lock */ = {
			isa = PBXShellScriptBuildPhase;
			buildActionMask = 2147483647;
			files = (
			);
			inputPaths = (
			);
			name = "[CP] Check Pods Manifest.lock";
			outputPaths = (
			);
			runOnlyForDeploymentPostprocessing = 0;
			shellPath = /bin/sh;
			shellScript = "diff \"${PODS_ROOT}/../Podfile.lock\" \"${PODS_ROOT}/Manifest.lock\" > /dev/null\nif [ $? != 0 ] ; then\n    # print error to STDERR\n    echo \"error: The sandbox is not in sync with the Podfile.lock. Run 'pod install' or update your CocoaPods installation.\" >&2\n    exit 1\nfi\n";
			showEnvVarsInLog = 0;
		};
		675C1B618DBE80B6B4656DF0 /* [CP] Embed Pods Frameworks */ = {
			isa = PBXShellScriptBuildPhase;
			buildActionMask = 2147483647;
			files = (
			);
			inputPaths = (
			);
			name = "[CP] Embed Pods Frameworks";
			outputPaths = (
			);
			runOnlyForDeploymentPostprocessing = 0;
			shellPath = /bin/sh;
			shellScript = "\"${SRCROOT}/Pods/Target Support Files/Pods-JSNetworking/Pods-JSNetworking-frameworks.sh\"\n";
			showEnvVarsInLog = 0;
		};
		AC201A3BA3B65D56E18B3457 /* [CP] Copy Pods Resources */ = {
			isa = PBXShellScriptBuildPhase;
			buildActionMask = 2147483647;
			files = (
			);
			inputPaths = (
			);
			name = "[CP] Copy Pods Resources";
			outputPaths = (
			);
			runOnlyForDeploymentPostprocessing = 0;
			shellPath = /bin/sh;
			shellScript = "\"${SRCROOT}/Pods/Target Support Files/Pods-JSNetworking/Pods-JSNetworking-resources.sh\"\n";
			showEnvVarsInLog = 0;
		};
		CF48C86A70ED5ACBA6FB8C10 /* [CP] Copy Pods Resources */ = {
			isa = PBXShellScriptBuildPhase;
			buildActionMask = 2147483647;
			files = (
			);
			inputPaths = (
			);
			name = "[CP] Copy Pods Resources";
			outputPaths = (
			);
			runOnlyForDeploymentPostprocessing = 0;
			shellPath = /bin/sh;
			shellScript = "\"${SRCROOT}/Pods/Target Support Files/Pods-JSNetworkingUITests/Pods-JSNetworkingUITests-resources.sh\"\n";
			showEnvVarsInLog = 0;
		};
		D47C7D6D74FE266445F001CA /* [CP] Check Pods Manifest.lock */ = {
			isa = PBXShellScriptBuildPhase;
			buildActionMask = 2147483647;
			files = (
			);
			inputPaths = (
			);
			name = "[CP] Check Pods Manifest.lock";
			outputPaths = (
			);
			runOnlyForDeploymentPostprocessing = 0;
			shellPath = /bin/sh;
			shellScript = "diff \"${PODS_ROOT}/../Podfile.lock\" \"${PODS_ROOT}/Manifest.lock\" > /dev/null\nif [ $? != 0 ] ; then\n    # print error to STDERR\n    echo \"error: The sandbox is not in sync with the Podfile.lock. Run 'pod install' or update your CocoaPods installation.\" >&2\n    exit 1\nfi\n";
			showEnvVarsInLog = 0;
		};
		F29EF7A918F91F948A22387D /* [CP] Embed Pods Frameworks */ = {
			isa = PBXShellScriptBuildPhase;
			buildActionMask = 2147483647;
			files = (
			);
			inputPaths = (
			);
			name = "[CP] Embed Pods Frameworks";
			outputPaths = (
			);
			runOnlyForDeploymentPostprocessing = 0;
			shellPath = /bin/sh;
			shellScript = "\"${SRCROOT}/Pods/Target Support Files/Pods-JSNetworkingUITests/Pods-JSNetworkingUITests-frameworks.sh\"\n";
			showEnvVarsInLog = 0;
		};
/* End PBXShellScriptBuildPhase section */

/* Begin PBXSourcesBuildPhase section */
		C584C31B1E78031500FD6F4D /* Sources */ = {
			isa = PBXSourcesBuildPhase;
			buildActionMask = 2147483647;
			files = (
				C56647851E7A8B1200A5566A /* JSApiProxy.m in Sources */,
				C56647811E7A84DB00A5566A /* JSAPIBaseManager.m in Sources */,
				C584C32A1E78031500FD6F4D /* ViewController.m in Sources */,
				C566478C1E7A8C8B00A5566A /* JSServiceFactory.m in Sources */,
				C566477D1E7A838700A5566A /* JSURLResponse.m in Sources */,
				C56647A21E7A9B2F00A5566A /* JSRequestGenerator.m in Sources */,
				C56647741E7A7F7300A5566A /* NSString+JSNetworkingMethods.m in Sources */,
				C56647A61E7A9B9300A5566A /* JSSignatureGenerator.m in Sources */,
				C584C3271E78031500FD6F4D /* AppDelegate.m in Sources */,
				C56647961E7A922A00A5566A /* JSCachedObject.m in Sources */,
				C56647751E7A7F7300A5566A /* NSURLRequest+JSNetworkingMethods.m in Sources */,
				C56647991E7A971900A5566A /* JSCache.m in Sources */,
				C56647711E7A7F7300A5566A /* NSDictionary+JSNetworkingMethods.m in Sources */,
				C56647701E7A7F7300A5566A /* NSArray+JSNetworkingMethods.m in Sources */,
				C56647721E7A7F7300A5566A /* NSMutableString+JSNetworkingMethods.m in Sources */,
				C584C3241E78031500FD6F4D /* main.m in Sources */,
				C56647911E7A8F6B00A5566A /* JSCommonService.m in Sources */,
				C56647891E7A8BF400A5566A /* JSService.m in Sources */,
				C56647AA1E7A9C7400A5566A /* JSUDIDGenerator.m in Sources */,
				C56647731E7A7F7300A5566A /* NSObject+JSNetworkingMethods.m in Sources */,
				C566479E1E7A9AE900A5566A /* JSCommonParamsGenerator.m in Sources */,
			);
			runOnlyForDeploymentPostprocessing = 0;
		};
		C584C3341E78031500FD6F4D /* Sources */ = {
			isa = PBXSourcesBuildPhase;
			buildActionMask = 2147483647;
			files = (
				C584C33D1E78031500FD6F4D /* JSNetworkingTests.m in Sources */,
			);
			runOnlyForDeploymentPostprocessing = 0;
		};
		C584C33F1E78031500FD6F4D /* Sources */ = {
			isa = PBXSourcesBuildPhase;
			buildActionMask = 2147483647;
			files = (
				C584C3481E78031500FD6F4D /* JSNetworkingUITests.m in Sources */,
			);
			runOnlyForDeploymentPostprocessing = 0;
		};
/* End PBXSourcesBuildPhase section */

/* Begin PBXTargetDependency section */
		C584C33A1E78031500FD6F4D /* PBXTargetDependency */ = {
			isa = PBXTargetDependency;
			target = C584C31E1E78031500FD6F4D /* JSNetworking */;
			targetProxy = C584C3391E78031500FD6F4D /* PBXContainerItemProxy */;
		};
		C584C3451E78031500FD6F4D /* PBXTargetDependency */ = {
			isa = PBXTargetDependency;
			target = C584C31E1E78031500FD6F4D /* JSNetworking */;
			targetProxy = C584C3441E78031500FD6F4D /* PBXContainerItemProxy */;
		};
/* End PBXTargetDependency section */

/* Begin PBXVariantGroup section */
		C584C32B1E78031500FD6F4D /* Main.storyboard */ = {
			isa = PBXVariantGroup;
			children = (
				C584C32C1E78031500FD6F4D /* Base */,
			);
			name = Main.storyboard;
			sourceTree = "<group>";
		};
		C584C3301E78031500FD6F4D /* LaunchScreen.storyboard */ = {
			isa = PBXVariantGroup;
			children = (
				C584C3311E78031500FD6F4D /* Base */,
			);
			name = LaunchScreen.storyboard;
			sourceTree = "<group>";
		};
/* End PBXVariantGroup section */

/* Begin XCBuildConfiguration section */
		C584C34A1E78031500FD6F4D /* Debug */ = {
			isa = XCBuildConfiguration;
			buildSettings = {
				ALWAYS_SEARCH_USER_PATHS = NO;
				CLANG_ANALYZER_NONNULL = YES;
				CLANG_CXX_LANGUAGE_STANDARD = "gnu++0x";
				CLANG_CXX_LIBRARY = "libc++";
				CLANG_ENABLE_MODULES = YES;
				CLANG_ENABLE_OBJC_ARC = YES;
				CLANG_WARN_BOOL_CONVERSION = YES;
				CLANG_WARN_CONSTANT_CONVERSION = YES;
				CLANG_WARN_DIRECT_OBJC_ISA_USAGE = YES_ERROR;
				CLANG_WARN_DOCUMENTATION_COMMENTS = YES;
				CLANG_WARN_EMPTY_BODY = YES;
				CLANG_WARN_ENUM_CONVERSION = YES;
				CLANG_WARN_INFINITE_RECURSION = YES;
				CLANG_WARN_INT_CONVERSION = YES;
				CLANG_WARN_OBJC_ROOT_CLASS = YES_ERROR;
				CLANG_WARN_SUSPICIOUS_MOVE = YES;
				CLANG_WARN_UNREACHABLE_CODE = YES;
				CLANG_WARN__DUPLICATE_METHOD_MATCH = YES;
				"CODE_SIGN_IDENTITY[sdk=iphoneos*]" = "iPhone Developer";
				COPY_PHASE_STRIP = NO;
				DEBUG_INFORMATION_FORMAT = dwarf;
				ENABLE_STRICT_OBJC_MSGSEND = YES;
				ENABLE_TESTABILITY = YES;
				GCC_C_LANGUAGE_STANDARD = gnu99;
				GCC_DYNAMIC_NO_PIC = NO;
				GCC_NO_COMMON_BLOCKS = YES;
				GCC_OPTIMIZATION_LEVEL = 0;
				GCC_PREPROCESSOR_DEFINITIONS = (
					"DEBUG=1",
					"$(inherited)",
				);
				GCC_WARN_64_TO_32_BIT_CONVERSION = YES;
				GCC_WARN_ABOUT_RETURN_TYPE = YES_ERROR;
				GCC_WARN_UNDECLARED_SELECTOR = YES;
				GCC_WARN_UNINITIALIZED_AUTOS = YES_AGGRESSIVE;
				GCC_WARN_UNUSED_FUNCTION = YES;
				GCC_WARN_UNUSED_VARIABLE = YES;
				IPHONEOS_DEPLOYMENT_TARGET = 10.2;
				MTL_ENABLE_DEBUG_INFO = YES;
				ONLY_ACTIVE_ARCH = YES;
				SDKROOT = iphoneos;
				TARGETED_DEVICE_FAMILY = "1,2";
			};
			name = Debug;
		};
		C584C34B1E78031500FD6F4D /* Release */ = {
			isa = XCBuildConfiguration;
			buildSettings = {
				ALWAYS_SEARCH_USER_PATHS = NO;
				CLANG_ANALYZER_NONNULL = YES;
				CLANG_CXX_LANGUAGE_STANDARD = "gnu++0x";
				CLANG_CXX_LIBRARY = "libc++";
				CLANG_ENABLE_MODULES = YES;
				CLANG_ENABLE_OBJC_ARC = YES;
				CLANG_WARN_BOOL_CONVERSION = YES;
				CLANG_WARN_CONSTANT_CONVERSION = YES;
				CLANG_WARN_DIRECT_OBJC_ISA_USAGE = YES_ERROR;
				CLANG_WARN_DOCUMENTATION_COMMENTS = YES;
				CLANG_WARN_EMPTY_BODY = YES;
				CLANG_WARN_ENUM_CONVERSION = YES;
				CLANG_WARN_INFINITE_RECURSION = YES;
				CLANG_WARN_INT_CONVERSION = YES;
				CLANG_WARN_OBJC_ROOT_CLASS = YES_ERROR;
				CLANG_WARN_SUSPICIOUS_MOVE = YES;
				CLANG_WARN_UNREACHABLE_CODE = YES;
				CLANG_WARN__DUPLICATE_METHOD_MATCH = YES;
				"CODE_SIGN_IDENTITY[sdk=iphoneos*]" = "iPhone Developer";
				COPY_PHASE_STRIP = NO;
				DEBUG_INFORMATION_FORMAT = "dwarf-with-dsym";
				ENABLE_NS_ASSERTIONS = NO;
				ENABLE_STRICT_OBJC_MSGSEND = YES;
				GCC_C_LANGUAGE_STANDARD = gnu99;
				GCC_NO_COMMON_BLOCKS = YES;
				GCC_WARN_64_TO_32_BIT_CONVERSION = YES;
				GCC_WARN_ABOUT_RETURN_TYPE = YES_ERROR;
				GCC_WARN_UNDECLARED_SELECTOR = YES;
				GCC_WARN_UNINITIALIZED_AUTOS = YES_AGGRESSIVE;
				GCC_WARN_UNUSED_FUNCTION = YES;
				GCC_WARN_UNUSED_VARIABLE = YES;
				IPHONEOS_DEPLOYMENT_TARGET = 10.2;
				MTL_ENABLE_DEBUG_INFO = NO;
				SDKROOT = iphoneos;
				TARGETED_DEVICE_FAMILY = "1,2";
				VALIDATE_PRODUCT = YES;
			};
			name = Release;
		};
		C584C34D1E78031500FD6F4D /* Debug */ = {
			isa = XCBuildConfiguration;
			baseConfigurationReference = 4F24CE2B75830A51DD97A6C2 /* Pods-JSNetworking.debug.xcconfig */;
			buildSettings = {
				ASSETCATALOG_COMPILER_APPICON_NAME = AppIcon;
				INFOPLIST_FILE = JSNetworking/Info.plist;
				LD_RUNPATH_SEARCH_PATHS = "$(inherited) @executable_path/Frameworks";
				PRODUCT_BUNDLE_IDENTIFIER = com.credictCard.test.JSNetworking;
				PRODUCT_NAME = "$(TARGET_NAME)";
			};
			name = Debug;
		};
		C584C34E1E78031500FD6F4D /* Release */ = {
			isa = XCBuildConfiguration;
			baseConfigurationReference = 1C66E5F669AFAC4C6EE3DA34 /* Pods-JSNetworking.release.xcconfig */;
			buildSettings = {
				ASSETCATALOG_COMPILER_APPICON_NAME = AppIcon;
				INFOPLIST_FILE = JSNetworking/Info.plist;
				LD_RUNPATH_SEARCH_PATHS = "$(inherited) @executable_path/Frameworks";
				PRODUCT_BUNDLE_IDENTIFIER = com.credictCard.test.JSNetworking;
				PRODUCT_NAME = "$(TARGET_NAME)";
			};
			name = Release;
		};
		C584C3501E78031500FD6F4D /* Debug */ = {
			isa = XCBuildConfiguration;
			baseConfigurationReference = E9A9F19F1116081A29F6D221 /* Pods-JSNetworkingTests.debug.xcconfig */;
			buildSettings = {
				BUNDLE_LOADER = "$(TEST_HOST)";
				INFOPLIST_FILE = JSNetworkingTests/Info.plist;
				LD_RUNPATH_SEARCH_PATHS = "$(inherited) @executable_path/Frameworks @loader_path/Frameworks";
				PRODUCT_BUNDLE_IDENTIFIER = com.credictCard.test.JSNetworkingTests;
				PRODUCT_NAME = "$(TARGET_NAME)";
				TEST_HOST = "$(BUILT_PRODUCTS_DIR)/JSNetworking.app/JSNetworking";
			};
			name = Debug;
		};
		C584C3511E78031500FD6F4D /* Release */ = {
			isa = XCBuildConfiguration;
			baseConfigurationReference = F0F51928ABB79DBE5A643FE9 /* Pods-JSNetworkingTests.release.xcconfig */;
			buildSettings = {
				BUNDLE_LOADER = "$(TEST_HOST)";
				INFOPLIST_FILE = JSNetworkingTests/Info.plist;
				LD_RUNPATH_SEARCH_PATHS = "$(inherited) @executable_path/Frameworks @loader_path/Frameworks";
				PRODUCT_BUNDLE_IDENTIFIER = com.credictCard.test.JSNetworkingTests;
				PRODUCT_NAME = "$(TARGET_NAME)";
				TEST_HOST = "$(BUILT_PRODUCTS_DIR)/JSNetworking.app/JSNetworking";
			};
			name = Release;
		};
		C584C3531E78031500FD6F4D /* Debug */ = {
			isa = XCBuildConfiguration;
			baseConfigurationReference = F303DC6B803ADC76F790073E /* Pods-JSNetworkingUITests.debug.xcconfig */;
			buildSettings = {
				INFOPLIST_FILE = JSNetworkingUITests/Info.plist;
				LD_RUNPATH_SEARCH_PATHS = "$(inherited) @executable_path/Frameworks @loader_path/Frameworks";
				PRODUCT_BUNDLE_IDENTIFIER = com.credictCard.test.JSNetworkingUITests;
				PRODUCT_NAME = "$(TARGET_NAME)";
				TEST_TARGET_NAME = JSNetworking;
			};
			name = Debug;
		};
		C584C3541E78031500FD6F4D /* Release */ = {
			isa = XCBuildConfiguration;
			baseConfigurationReference = AD403AD966F70A4C6A92A5F9 /* Pods-JSNetworkingUITests.release.xcconfig */;
			buildSettings = {
				INFOPLIST_FILE = JSNetworkingUITests/Info.plist;
				LD_RUNPATH_SEARCH_PATHS = "$(inherited) @executable_path/Frameworks @loader_path/Frameworks";
				PRODUCT_BUNDLE_IDENTIFIER = com.credictCard.test.JSNetworkingUITests;
				PRODUCT_NAME = "$(TARGET_NAME)";
				TEST_TARGET_NAME = JSNetworking;
			};
			name = Release;
		};
/* End XCBuildConfiguration section */

/* Begin XCConfigurationList section */
		C584C31A1E78031500FD6F4D /* Build configuration list for PBXProject "JSNetworking" */ = {
			isa = XCConfigurationList;
			buildConfigurations = (
				C584C34A1E78031500FD6F4D /* Debug */,
				C584C34B1E78031500FD6F4D /* Release */,
			);
			defaultConfigurationIsVisible = 0;
			defaultConfigurationName = Release;
		};
		C584C34C1E78031500FD6F4D /* Build configuration list for PBXNativeTarget "JSNetworking" */ = {
			isa = XCConfigurationList;
			buildConfigurations = (
				C584C34D1E78031500FD6F4D /* Debug */,
				C584C34E1E78031500FD6F4D /* Release */,
			);
			defaultConfigurationIsVisible = 0;
			defaultConfigurationName = Release;
		};
		C584C34F1E78031500FD6F4D /* Build configuration list for PBXNativeTarget "JSNetworkingTests" */ = {
			isa = XCConfigurationList;
			buildConfigurations = (
				C584C3501E78031500FD6F4D /* Debug */,
				C584C3511E78031500FD6F4D /* Release */,
			);
			defaultConfigurationIsVisible = 0;
			defaultConfigurationName = Release;
		};
		C584C3521E78031500FD6F4D /* Build configuration list for PBXNativeTarget "JSNetworkingUITests" */ = {
			isa = XCConfigurationList;
			buildConfigurations = (
				C584C3531E78031500FD6F4D /* Debug */,
				C584C3541E78031500FD6F4D /* Release */,
			);
			defaultConfigurationIsVisible = 0;
			defaultConfigurationName = Release;
		};
/* End XCConfigurationList section */
	};
	rootObject = C584C3171E78031500FD6F4D /* Project object */;
}
